
Microsoft Visual Studio Solution File, Format Version 12.00
# Visual Studio 15
VisualStudioVersion = 15.0.26730.16
MinimumVisualStudioVersion = 10.0.40219.1
Project("{FAE04EC0-301F-11D3-BF4B-00C04F79EFBC}") = "XMemo.Android", "XMemo\XMemo.Android\XMemo.Android.csproj", "{C26505E5-D361-41FE-A0AC-FB20B4A9DBC8}"
EndProject
Project("{FAE04EC0-301F-11D3-BF4B-00C04F79EFBC}") = "XMemo.iOS", "XMemo\XMemo.iOS\XMemo.iOS.csproj", "{8F3C0B10-0AF4-40AB-B098-BCEFF85A6985}"
EndProject
Project("{FAE04EC0-301F-11D3-BF4B-00C04F79EFBC}") = "XMemo", "XMemo\XMemo\XMemo.csproj", "{0FBBA605-9A28-4349-95DD-667E75A16F4B}"
EndProject
Global
	GlobalSection(SolutionConfigurationPlatforms) = preSolution
		Debug|Any CPU = Debug|Any CPU
		Debug|iPhone = Debug|iPhone
		Debug|iPhoneSimulator = Debug|iPhoneSimulator
		Release|Any CPU = Release|Any CPU
		Release|iPhone = Release|iPhone
		Release|iPhoneSimulator = Release|iPhoneSimulator
	EndGlobalSection
	GlobalSection(ProjectConfigurationPlatforms) = postSolution
		{C26505E5-D361-41FE-A0AC-FB20B4A9DBC8}.Debug|Any CPU.ActiveCfg = Debug|Any CPU
		{C26505E5-D361-41FE-A0AC-FB20B4A9DBC8}.Debug|Any CPU.Build.0 = Debug|Any CPU
		{C26505E5-D361-41FE-A0AC-FB20B4A9DBC8}.Debug|Any CPU.Deploy.0 = Debug|Any CPU
		{C26505E5-D361-41FE-A0AC-FB20B4A9DBC8}.Debug|iPhone.ActiveCfg = Debug|Any CPU
		{C26505E5-D361-41FE-A0AC-FB20B4A9DBC8}.Debug|iPhone.Build.0 = Debug|Any CPU
		{C26505E5-D361-41FE-A0AC-FB20B4A9DBC8}.Debug|iPhone.Deploy.0 = Debug|Any CPU
		{C26505E5-D361-41FE-A0AC-FB20B4A9DBC8}.Debug|iPhoneSimulator.ActiveCfg = Debug|Any CPU
		{C26505E5-D361-41FE-A0AC-FB20B4A9DBC8}.Debug|iPhoneSimulator.Build.0 = Debug|Any CPU
		{C26505E5-D361-41FE-A0AC-FB20B4A9DBC8}.Debug|iPhoneSimulator.Deploy.0 = Debug|Any CPU
		{C26505E5-D361-41FE-A0AC-FB20B4A9DBC8}.Release|Any CPU.ActiveCfg = Release|Any CPU
		{C26505E5-D361-41FE-A0AC-FB20B4A9DBC8}.Release|Any CPU.Build.0 = Release|Any CPU
		{C26505E5-D361-41FE-A0AC-FB20B4A9DBC8}.Release|Any CPU.Deploy.0 = Release|Any CPU
		{C26505E5-D361-41FE-A0AC-FB20B4A9DBC8}.Release|iPhone.ActiveCfg = Release|Any CPU
		{C26505E5-D361-41FE-A0AC-FB20B4A9DBC8}.Release|iPhone.Build.0 = Release|Any CPU
		{C26505E5-D361-41FE-A0AC-FB20B4A9DBC8}.Release|iPhone.Deploy.0 = Release|Any CPU
		{C26505E5-D361-41FE-A0AC-FB20B4A9DBC8}.Release|iPhoneSimulator.ActiveCfg = Release|Any CPU
		{C26505E5-D361-41FE-A0AC-FB20B4A9DBC8}.Release|iPhoneSimulator.Build.0 = Release|Any CPU
		{C26505E5-D361-41FE-A0AC-FB20B4A9DBC8}.Release|iPhoneSimulator.Deploy.0 = Release|Any CPU
		{8F3C0B10-0AF4-40AB-B098-BCEFF85A6985}.Debug|Any CPU.ActiveCfg = Debug|iPhone
		{8F3C0B10-0AF4-40AB-B098-BCEFF85A6985}.Debug|iPhone.ActiveCfg = Debug|iPhone
		{8F3C0B10-0AF4-40AB-B098-BCEFF85A6985}.Debug|iPhone.Build.0 = Debug|iPhone
		{8F3C0B10-0AF4-40AB-B098-BCEFF85A6985}.Debug|iPhoneSimulator.ActiveCfg = Debug|iPhoneSimulator
		{8F3C0B10-0AF4-40AB-B098-BCEFF85A6985}.Debug|iPhoneSimulator.Build.0 = Debug|iPhoneSimulator
		{8F3C0B10-0AF4-40AB-B098-BCEFF85A6985}.Release|Any CPU.ActiveCfg = Release|iPhone
		{8F3C0B10-0AF4-40AB-B098-BCEFF85A6985}.Release|iPhone.ActiveCfg = Release|iPhone
		{8F3C0B10-0AF4-40AB-B098-BCEFF85A6985}.Release|iPhone.Build.0 = Release|iPhone
		{8F3C0B10-0AF4-40AB-B098-BCEFF85A6985}.Release|iPhoneSimulator.ActiveCfg = Release|iPhoneSimulator
		{8F3C0B10-0AF4-40AB-B098-BCEFF85A6985}.Release|iPhoneSimulator.Build.0 = Release|iPhoneSimulator
		{0FBBA605-9A28-4349-95DD-667E75A16F4B}.Debug|Any CPU.ActiveCfg = Debug|Any CPU
		{0FBBA605-9A28-4349-95DD-667E75A16F4B}.Debug|Any CPU.Build.0 = Debug|Any CPU
		{0FBBA605-9A28-4349-95DD-667E75A16F4B}.Debug|iPhone.ActiveCfg = Debug|Any CPU
		{0FBBA605-9A28-4349-95DD-667E75A16F4B}.Debug|iPhone.Build.0 = Debug|Any CPU
		{0FBBA605-9A28-4349-95DD-667E75A16F4B}.Debug|iPhoneSimulator.ActiveCfg = Debug|Any CPU
		{0FBBA605-9A28-4349-95DD-667E75A16F4B}.Debug|iPhoneSimulator.Build.0 = Debug|Any CPU
		{0FBBA605-9A28-4349-95DD-667E75A16F4B}.Release|Any CPU.ActiveCfg = Release|Any CPU
		{0FBBA605-9A28-4349-95DD-667E75A16F4B}.Release|Any CPU.Build.0 = Release|Any CPU
		{0FBBA605-9A28-4349-95DD-667E75A16F4B}.Release|iPhone.ActiveCfg = Release|Any CPU
		{0FBBA605-9A28-4349-95DD-667E75A16F4B}.Release|iPhone.Build.0 = Release|Any CPU
		{0FBBA605-9A28-4349-95DD-667E75A16F4B}.Release|iPhoneSimulator.ActiveCfg = Release|Any CPU
		{0FBBA605-9A28-4349-95DD-667E75A16F4B}.Release|iPhoneSimulator.Build.0 = Release|Any CPU
	EndGlobalSection
	GlobalSection(SolutionProperties) = preSolution
		HideSolutionNode = FALSE
	EndGlobalSection
	GlobalSection(ExtensibilityGlobals) = postSolution
		SolutionGuid = {167D56E0-7CC1-4DDC-9333-96866343DB68}
	EndGlobalSection
EndGlobal
